dependencies:
- name: mongodb
  repository: oci://registry-1.docker.io/bitnamicharts
  version: 16.5.45
- name: jenkins
  repository: https://charts.jenkins.io/
  version: 5.8.92
- name: eck-stack
  repository: https://helm.elastic.co
  version: 0.16.0
digest: sha256:98472e58bb56f187bdc52ce0c85a4914cc7bc077155bb0fc2e92b7c1319f0017
generated: "2025-09-26T22:45:01.950369571-07:00"
